# This file is automatically @generated by Poetry 1.8.3 and should not be changed by hand.

[[package]]
name = "confluent-kafka"
version = "2.4.0"
description = "Confluent's Python client for Apache Kafka"
optional = false
python-versions = "*"
files = [
    {file = "confluent-kafka-2.4.0.tar.gz", hash = "sha256:201c6182304c5864c8a1b1aae2f99bf51fa332017abbec05a3a1fb2ff242c41d"},
    {file = "confluent_kafka-2.4.0-cp310-cp310-macosx_10_9_x86_64.whl", hash = "sha256:827820321e0ac6a7f75f119f7ab4dcbbbd59c95d7807f6eb79f03a4cb6b9ab25"},
    {file = "confluent_kafka-2.4.0-cp310-cp310-macosx_11_0_arm64.whl", hash = "sha256:4c74a06a658f72dd0f6df9b0fbfc5b1b483b3263fde6abd925bba512879995cc"},
    {file = "confluent_kafka-2.4.0-cp310-cp310-manylinux_2_17_x86_64.manylinux2014_x86_64.whl", hash = "sha256:108bc30e1153734cd36d88a299c7cf0c69fe6c95d67f4cce9f9180adaefef839"},
    {file = "confluent_kafka-2.4.0-cp310-cp310-manylinux_2_28_aarch64.whl", hash = "sha256:cbe32df72b9d7fee198cf12eb3770270d99b122613b0e3abfb55a13294f6a54a"},
    {file = "confluent_kafka-2.4.0-cp310-cp310-win_amd64.whl", hash = "sha256:c2e9e1dd2238e5b55cf541c9dbd3e665531418e0cc965e6143f593f64a3f79a5"},
    {file = "confluent_kafka-2.4.0-cp311-cp311-macosx_10_9_x86_64.whl", hash = "sha256:a28bf5b59f28e3357d113cc8c50ba09389dcc3327ca13cc502e9c3228f2ab5dc"},
    {file = "confluent_kafka-2.4.0-cp311-cp311-macosx_11_0_arm64.whl", hash = "sha256:506c867d987ab78494fc94ec6a966ddcb3ce3cb75809e098060d654d280281e0"},
    {file = "confluent_kafka-2.4.0-cp311-cp311-manylinux_2_17_x86_64.manylinux2014_x86_64.whl", hash = "sha256:3b02cd0eb338a8dc5db0ea07243bbf457670655a3846732f81a091b8e3d5d456"},
    {file = "confluent_kafka-2.4.0-cp311-cp311-manylinux_2_28_aarch64.whl", hash = "sha256:15d356dd1c7699ed332f262bf0aa825a177c50f7debca0f1ec14873531603b2d"},
    {file = "confluent_kafka-2.4.0-cp311-cp311-win_amd64.whl", hash = "sha256:0c1b89e1bd790dd82b64a4dd746e7a0ce3ebed7f17b0642d488c1bb0056ba763"},
    {file = "confluent_kafka-2.4.0-cp312-cp312-macosx_10_9_x86_64.whl", hash = "sha256:a11acfd79f0448095c6492d2ea34cd3df4864d78d72326bed0859d875eb7a62d"},
    {file = "confluent_kafka-2.4.0-cp312-cp312-macosx_11_0_arm64.whl", hash = "sha256:dd53d58a6648e4d5e435ff5178248b91af050a4478ed51a95b2b0eaedddafdb1"},
    {file = "confluent_kafka-2.4.0-cp312-cp312-manylinux_2_17_x86_64.manylinux2014_x86_64.whl", hash = "sha256:8a5e9cc9fff71c70f1520ab917f33cf66181b29c46cf9940da1af6a52cc086a6"},
    {file = "confluent_kafka-2.4.0-cp312-cp312-manylinux_2_28_aarch64.whl", hash = "sha256:b0d5a2d7563b9ca9bef09668d6aae6e360f1e9455672dc0886d78d76ced682c9"},
    {file = "confluent_kafka-2.4.0-cp312-cp312-win_amd64.whl", hash = "sha256:d09aa0c67532c47ec6cd08c50feaa8338e77d18fc83181c46e5a5cb88a5b25ce"},
    {file = "confluent_kafka-2.4.0-cp36-cp36m-macosx_10_9_x86_64.whl", hash = "sha256:f2e39794270088157f65e5b2b5ba7e0217759412de20088f5873bdb176084ab3"},
    {file = "confluent_kafka-2.4.0-cp36-cp36m-manylinux_2_17_x86_64.manylinux2014_x86_64.whl", hash = "sha256:0591645e709ea8392f8d41b9ff752f1cdb57c71730c9be2deae3184303d3efaf"},
    {file = "confluent_kafka-2.4.0-cp36-cp36m-manylinux_2_28_aarch64.whl", hash = "sha256:07f38339da116527d9516a0b1899b499ebfe5f906ef54c0780a309ebee585c12"},
    {file = "confluent_kafka-2.4.0-cp36-cp36m-win_amd64.whl", hash = "sha256:c661f4c014f78ee478667a5018fb62ec2a4b61322410a9be314bdbf6ead481d7"},
    {file = "confluent_kafka-2.4.0-cp37-cp37m-macosx_10_9_x86_64.whl", hash = "sha256:a8b440684a22d9239b857d1be065ea2844537ff20bb675c75e7a9e2adbd5ce9a"},
    {file = "confluent_kafka-2.4.0-cp37-cp37m-manylinux_2_17_x86_64.manylinux2014_x86_64.whl", hash = "sha256:9ac7120919a4189018120a40da8d9c05bd6e024f60638901483bb6a46c45a115"},
    {file = "confluent_kafka-2.4.0-cp37-cp37m-manylinux_2_28_aarch64.whl", hash = "sha256:6a2b81902b0c824549f85f49774535285242b1472e52ab0a18260526840a8ecf"},
    {file = "confluent_kafka-2.4.0-cp37-cp37m-win_amd64.whl", hash = "sha256:78f6776aca06c81308c8be66c754a3b8281a20dd9af697b2cfcb5c2272878df9"},
    {file = "confluent_kafka-2.4.0-cp38-cp38-macosx_10_9_x86_64.whl", hash = "sha256:2858fb428f29086df2a50554d9093d176ec4b1f76240a62efe136acc493f7fb6"},
    {file = "confluent_kafka-2.4.0-cp38-cp38-macosx_11_0_arm64.whl", hash = "sha256:9608b8b1145a0b41e6c6949ac9ec974e74f1ed2d065b26eae73e208668fa20cf"},
    {file = "confluent_kafka-2.4.0-cp38-cp38-manylinux_2_17_x86_64.manylinux2014_x86_64.whl", hash = "sha256:baaf1022972bd213bf20cfccb1b13b613d7ab13ebcafacd65220bd5908f5e460"},
    {file = "confluent_kafka-2.4.0-cp38-cp38-manylinux_2_28_aarch64.whl", hash = "sha256:16be3360f040b5d17dcb7e1b66a170b72f428c98d0978705b0a3081de756b2c7"},
    {file = "confluent_kafka-2.4.0-cp38-cp38-win_amd64.whl", hash = "sha256:45e6f719f6bd95210e0451b50cd19f33a44d7b16be560217240caa71f165420d"},
    {file = "confluent_kafka-2.4.0-cp39-cp39-macosx_10_9_x86_64.whl", hash = "sha256:3cf1b40ae59569e50ba15da1dc0030bac904b74d8aff82f02a16df3bb9b87e53"},
    {file = "confluent_kafka-2.4.0-cp39-cp39-macosx_11_0_arm64.whl", hash = "sha256:5b5dd225596325159eee928caba47e0cf3f03ce3c8244371457a1823d7c66c22"},
    {file = "confluent_kafka-2.4.0-cp39-cp39-manylinux_2_17_x86_64.manylinux2014_x86_64.whl", hash = "sha256:d338e8189f5836b916c632e0f2db9a197352c199db7323ca3f2bd1785cb9a747"},
    {file = "confluent_kafka-2.4.0-cp39-cp39-manylinux_2_28_aarch64.whl", hash = "sha256:40d18f1bd1bac6d2cf8dbf47da11cdb82d077b26a81ea551136515a1079ec532"},
    {file = "confluent_kafka-2.4.0-cp39-cp39-win_amd64.whl", hash = "sha256:52f937ab1cde9aacb01288293d374bf09da728b79cf907504dec8f3c4f82030e"},
]

[package.extras]
avro = ["avro (>=1.11.1,<2)", "fastavro (>=0.23.0,<1.0)", "fastavro (>=1.0)", "requests"]
dev = ["avro (>=1.11.1,<2)", "fastavro (>=0.23.0,<1.0)", "fastavro (>=1.0)", "flake8", "pytest", "pytest (==4.6.4)", "pytest-timeout", "requests"]
doc = ["avro (>=1.11.1,<2)", "fastavro (>=0.23.0,<1.0)", "fastavro (>=1.0)", "requests", "sphinx", "sphinx-rtd-theme"]
json = ["jsonschema", "pyrsistent", "pyrsistent (==0.16.1)", "requests"]
protobuf = ["protobuf", "requests"]
schema-registry = ["requests"]

[[package]]
name = "datetime"
version = "5.5"
description = "This package provides a DateTime data type, as known from Zope. Unless you need to communicate with Zope APIs, you're probably better off using Python's built-in datetime module."
optional = false
python-versions = ">=3.7"
files = [
    {file = "DateTime-5.5-py3-none-any.whl", hash = "sha256:0abf6c51cb4ba7cee775ca46ccc727f3afdde463be28dbbe8803631fefd4a120"},
    {file = "DateTime-5.5.tar.gz", hash = "sha256:21ec6331f87a7fcb57bd7c59e8a68bfffe6fcbf5acdbbc7b356d6a9a020191d3"},
]

[package.dependencies]
pytz = "*"
"zope.interface" = "*"

[[package]]
name = "dnspython"
version = "2.6.1"
description = "DNS toolkit"
optional = false
python-versions = ">=3.8"
files = [
    {file = "dnspython-2.6.1-py3-none-any.whl", hash = "sha256:5ef3b9680161f6fa89daf8ad451b5f1a33b18ae8a1c6778cdf4b43f08c0a6e50"},
    {file = "dnspython-2.6.1.tar.gz", hash = "sha256:e8f0f9c23a7b7cb99ded64e6c3a6f3e701d78f50c55e002b839dea7225cff7cc"},
]

[package.extras]
dev = ["black (>=23.1.0)", "coverage (>=7.0)", "flake8 (>=7)", "mypy (>=1.8)", "pylint (>=3)", "pytest (>=7.4)", "pytest-cov (>=4.1.0)", "sphinx (>=7.2.0)", "twine (>=4.0.0)", "wheel (>=0.42.0)"]
dnssec = ["cryptography (>=41)"]
doh = ["h2 (>=4.1.0)", "httpcore (>=1.0.0)", "httpx (>=0.26.0)"]
doq = ["aioquic (>=0.9.25)"]
idna = ["idna (>=3.6)"]
trio = ["trio (>=0.23)"]
wmi = ["wmi (>=1.5.1)"]

[[package]]
name = "install"
version = "1.3.5"
description = "Install packages from within code"
optional = false
python-versions = ">=2.7, >=3.5"
files = [
    {file = "install-1.3.5-py3-none-any.whl", hash = "sha256:0d3fadf4aa62c95efe8d34757c8507eb46177f86c016c21c6551eafc6a53d5a9"},
    {file = "install-1.3.5.tar.gz", hash = "sha256:e67c8a0be5ccf8cb4ffa17d090f3a61b6e820e6a7e21cd1d2c0f7bc59b18e647"},
]

[[package]]
name = "kafka-python"
version = "2.0.2"
description = "Pure Python client for Apache Kafka"
optional = false
python-versions = "*"
files = [
    {file = "kafka-python-2.0.2.tar.gz", hash = "sha256:04dfe7fea2b63726cd6f3e79a2d86e709d608d74406638c5da33a01d45a9d7e3"},
    {file = "kafka_python-2.0.2-py2.py3-none-any.whl", hash = "sha256:2d92418c7cb1c298fa6c7f0fb3519b520d0d7526ac6cb7ae2a4fc65a51a94b6e"},
]

[package.extras]
crc32c = ["crc32c"]

[[package]]
name = "py4j"
version = "0.10.9.7"
description = "Enables Python programs to dynamically access arbitrary Java objects"
optional = false
python-versions = "*"
files = [
    {file = "py4j-0.10.9.7-py2.py3-none-any.whl", hash = "sha256:85defdfd2b2376eb3abf5ca6474b51ab7e0de341c75a02f46dc9b5976f5a5c1b"},
    {file = "py4j-0.10.9.7.tar.gz", hash = "sha256:0b6e5315bb3ada5cf62ac651d107bb2ebc02def3dee9d9548e3baac644ea8dbb"},
]

[[package]]
name = "pymongo"
version = "4.7.3"
description = "Python driver for MongoDB <http://www.mongodb.org>"
optional = false
python-versions = ">=3.7"
files = [
    {file = "pymongo-4.7.3-cp310-cp310-macosx_10_9_x86_64.whl", hash = "sha256:e9580b4537b3cc5d412070caabd1dabdf73fdce249793598792bac5782ecf2eb"},
    {file = "pymongo-4.7.3-cp310-cp310-macosx_11_0_arm64.whl", hash = "sha256:517243b2b189c98004570dd8fc0e89b1a48363d5578b3b99212fa2098b2ea4b8"},
    {file = "pymongo-4.7.3-cp310-cp310-manylinux_2_17_aarch64.manylinux2014_aarch64.whl", hash = "sha256:23b1e9dabd61da1c7deb54d888f952f030e9e35046cebe89309b28223345b3d9"},
    {file = "pymongo-4.7.3-cp310-cp310-manylinux_2_17_ppc64le.manylinux2014_ppc64le.whl", hash = "sha256:03e0f9901ad66c6fb7da0d303461377524d61dab93a4e4e5af44164c5bb4db76"},
    {file = "pymongo-4.7.3-cp310-cp310-manylinux_2_17_s390x.manylinux2014_s390x.whl", hash = "sha256:9a870824aa54453aee030bac08c77ebcf2fe8999400f0c2a065bebcbcd46b7f8"},
    {file = "pymongo-4.7.3-cp310-cp310-manylinux_2_17_x86_64.manylinux2014_x86_64.whl", hash = "sha256:dfd7b3d3f4261bddbb74a332d87581bc523353e62bb9da4027cc7340f6fcbebc"},
    {file = "pymongo-4.7.3-cp310-cp310-manylinux_2_5_i686.manylinux1_i686.manylinux_2_17_i686.manylinux2014_i686.whl", hash = "sha256:4d719a643ea6da46d215a3ba51dac805a773b611c641319558d8576cbe31cef8"},
    {file = "pymongo-4.7.3-cp310-cp310-win32.whl", hash = "sha256:d8b1e06f361f3c66ee694cb44326e1a2e4f93bc9c3a4849ae8547889fca71154"},
    {file = "pymongo-4.7.3-cp310-cp310-win_amd64.whl", hash = "sha256:c450ab2f9397e2d5caa7fddeb4feb30bf719c47c13ae02c0bbb3b71bf4099c1c"},
    {file = "pymongo-4.7.3-cp311-cp311-macosx_10_9_x86_64.whl", hash = "sha256:79cc6459209e885ba097779eaa0fe7f2fa049db39ab43b1731cf8d065a4650e8"},
    {file = "pymongo-4.7.3-cp311-cp311-macosx_11_0_arm64.whl", hash = "sha256:6e2287f1e2cc35e73cd74a4867e398a97962c5578a3991c730ef78d276ca8e46"},
    {file = "pymongo-4.7.3-cp311-cp311-manylinux_2_17_aarch64.manylinux2014_aarch64.whl", hash = "sha256:413506bd48d8c31ee100645192171e4773550d7cb940b594d5175ac29e329ea1"},
    {file = "pymongo-4.7.3-cp311-cp311-manylinux_2_17_ppc64le.manylinux2014_ppc64le.whl", hash = "sha256:1cc1febf17646d52b7561caa762f60bdfe2cbdf3f3e70772f62eb624269f9c05"},
    {file = "pymongo-4.7.3-cp311-cp311-manylinux_2_17_s390x.manylinux2014_s390x.whl", hash = "sha256:8dfcf18a49955d50a16c92b39230bd0668ffc9c164ccdfe9d28805182b48fa72"},
    {file = "pymongo-4.7.3-cp311-cp311-manylinux_2_17_x86_64.manylinux2014_x86_64.whl", hash = "sha256:89872041196c008caddf905eb59d3dc2d292ae6b0282f1138418e76f3abd3ad6"},
    {file = "pymongo-4.7.3-cp311-cp311-manylinux_2_5_i686.manylinux1_i686.manylinux_2_17_i686.manylinux2014_i686.whl", hash = "sha256:d3ed97b89de62ea927b672ad524de0d23f3a6b4a01c8d10e3d224abec973fbc3"},
    {file = "pymongo-4.7.3-cp311-cp311-win32.whl", hash = "sha256:d2f52b38151e946011d888a8441d3d75715c663fc5b41a7ade595e924e12a90a"},
    {file = "pymongo-4.7.3-cp311-cp311-win_amd64.whl", hash = "sha256:4a4cc91c28e81c0ce03d3c278e399311b0af44665668a91828aec16527082676"},
    {file = "pymongo-4.7.3-cp312-cp312-macosx_10_9_x86_64.whl", hash = "sha256:cb30c8a78f5ebaca98640943447b6a0afcb146f40b415757c9047bf4a40d07b4"},
    {file = "pymongo-4.7.3-cp312-cp312-macosx_11_0_arm64.whl", hash = "sha256:9cf2069f5d37c398186453589486ea98bb0312214c439f7d320593b61880dc05"},
    {file = "pymongo-4.7.3-cp312-cp312-manylinux_2_17_aarch64.manylinux2014_aarch64.whl", hash = "sha256:3564f423958fced8a8c90940fd2f543c27adbcd6c7c6ed6715d847053f6200a0"},
    {file = "pymongo-4.7.3-cp312-cp312-manylinux_2_17_ppc64le.manylinux2014_ppc64le.whl", hash = "sha256:7a8af8a38fa6951fff73e6ff955a6188f829b29fed7c5a1b739a306b4aa56fe8"},
    {file = "pymongo-4.7.3-cp312-cp312-manylinux_2_17_s390x.manylinux2014_s390x.whl", hash = "sha256:3a0e81c8dba6d825272867d487f18764cfed3c736d71d7d4ff5b79642acbed42"},
    {file = "pymongo-4.7.3-cp312-cp312-manylinux_2_17_x86_64.manylinux2014_x86_64.whl", hash = "sha256:88fc1d146feabac4385ea8ddb1323e584922922641303c8bf392fe1c36803463"},
    {file = "pymongo-4.7.3-cp312-cp312-manylinux_2_5_i686.manylinux1_i686.manylinux_2_17_i686.manylinux2014_i686.whl", hash = "sha256:4225100b2c5d1f7393d7c5d256ceb8b20766830eecf869f8ae232776347625a6"},
    {file = "pymongo-4.7.3-cp312-cp312-win32.whl", hash = "sha256:5f3569ed119bf99c0f39ac9962fb5591eff02ca210fe80bb5178d7a1171c1b1e"},
    {file = "pymongo-4.7.3-cp312-cp312-win_amd64.whl", hash = "sha256:eb383c54c0c8ba27e7712b954fcf2a0905fee82a929d277e2e94ad3a5ba3c7db"},
    {file = "pymongo-4.7.3-cp37-cp37m-macosx_10_9_x86_64.whl", hash = "sha256:a46cffe91912570151617d866a25d07b9539433a32231ca7e7cf809b6ba1745f"},
    {file = "pymongo-4.7.3-cp37-cp37m-manylinux_2_17_aarch64.manylinux2014_aarch64.whl", hash = "sha256:4c3cba427dac50944c050c96d958c5e643c33a457acee03bae27c8990c5b9c16"},
    {file = "pymongo-4.7.3-cp37-cp37m-manylinux_2_17_ppc64le.manylinux2014_ppc64le.whl", hash = "sha256:a7a5fd893edbeb7fa982f8d44b6dd0186b6cd86c89e23f6ef95049ff72bffe46"},
    {file = "pymongo-4.7.3-cp37-cp37m-manylinux_2_17_s390x.manylinux2014_s390x.whl", hash = "sha256:c168a2fadc8b19071d0a9a4f85fe38f3029fe22163db04b4d5c046041c0b14bd"},
    {file = "pymongo-4.7.3-cp37-cp37m-manylinux_2_17_x86_64.manylinux2014_x86_64.whl", hash = "sha256:2c59c2c9e70f63a7f18a31e367898248c39c068c639b0579623776f637e8f482"},
    {file = "pymongo-4.7.3-cp37-cp37m-manylinux_2_5_i686.manylinux1_i686.manylinux_2_17_i686.manylinux2014_i686.whl", hash = "sha256:d08165fd82c89d372e82904c3268bd8fe5de44f92a00e97bb1db1785154397d9"},
    {file = "pymongo-4.7.3-cp37-cp37m-manylinux_2_5_i686.manylinux1_i686.whl", hash = "sha256:397fed21afec4fdaecf72f9c4344b692e489756030a9c6d864393e00c7e80491"},
    {file = "pymongo-4.7.3-cp37-cp37m-manylinux_2_5_x86_64.manylinux1_x86_64.whl", hash = "sha256:f903075f8625e2d228f1b9b9a0cf1385f1c41e93c03fd7536c91780a0fb2e98f"},
    {file = "pymongo-4.7.3-cp37-cp37m-win32.whl", hash = "sha256:8ed1132f58c38add6b6138b771d0477a3833023c015c455d9a6e26f367f9eb5c"},
    {file = "pymongo-4.7.3-cp37-cp37m-win_amd64.whl", hash = "sha256:8d00a5d8fc1043a4f641cbb321da766699393f1b6f87c70fae8089d61c9c9c54"},
    {file = "pymongo-4.7.3-cp38-cp38-macosx_10_9_x86_64.whl", hash = "sha256:9377b868c38700c7557aac1bc4baae29f47f1d279cc76b60436e547fd643318c"},
    {file = "pymongo-4.7.3-cp38-cp38-macosx_11_0_arm64.whl", hash = "sha256:da4a6a7b4f45329bb135aa5096823637bd5f760b44d6224f98190ee367b6b5dd"},
    {file = "pymongo-4.7.3-cp38-cp38-manylinux_2_17_aarch64.manylinux2014_aarch64.whl", hash = "sha256:487e2f9277f8a63ac89335ec4f1699ae0d96ebd06d239480d69ed25473a71b2c"},
    {file = "pymongo-4.7.3-cp38-cp38-manylinux_2_17_ppc64le.manylinux2014_ppc64le.whl", hash = "sha256:6db3d608d541a444c84f0bfc7bad80b0b897e0f4afa580a53f9a944065d9b633"},
    {file = "pymongo-4.7.3-cp38-cp38-manylinux_2_17_s390x.manylinux2014_s390x.whl", hash = "sha256:e90af2ad3a8a7c295f4d09a2fbcb9a350c76d6865f787c07fe843b79c6e821d1"},
    {file = "pymongo-4.7.3-cp38-cp38-manylinux_2_17_x86_64.manylinux2014_x86_64.whl", hash = "sha256:8e28feb18dc559d50ededba27f9054c79f80c4edd70a826cecfe68f3266807b3"},
    {file = "pymongo-4.7.3-cp38-cp38-manylinux_2_5_i686.manylinux1_i686.manylinux_2_17_i686.manylinux2014_i686.whl", hash = "sha256:f21ecddcba2d9132d5aebd8e959de8d318c29892d0718420447baf2b9bccbb19"},
    {file = "pymongo-4.7.3-cp38-cp38-manylinux_2_5_i686.manylinux1_i686.whl", hash = "sha256:26140fbb3f6a9a74bd73ed46d0b1f43d5702e87a6e453a31b24fad9c19df9358"},
    {file = "pymongo-4.7.3-cp38-cp38-manylinux_2_5_x86_64.manylinux1_x86_64.whl", hash = "sha256:94baa5fc7f7d22c3ce2ac7bd92f7e03ba7a6875f2480e3b97a400163d6eaafc9"},
    {file = "pymongo-4.7.3-cp38-cp38-win32.whl", hash = "sha256:92dd247727dd83d1903e495acc743ebd757f030177df289e3ba4ef8a8c561fad"},
    {file = "pymongo-4.7.3-cp38-cp38-win_amd64.whl", hash = "sha256:1c90c848a5e45475731c35097f43026b88ef14a771dfd08f20b67adc160a3f79"},
    {file = "pymongo-4.7.3-cp39-cp39-macosx_10_9_x86_64.whl", hash = "sha256:f598be401b416319a535c386ac84f51df38663f7a9d1071922bda4d491564422"},
    {file = "pymongo-4.7.3-cp39-cp39-macosx_11_0_arm64.whl", hash = "sha256:35ba90477fae61c65def6e7d09e8040edfdd3b7fd47c3c258b4edded60c4d625"},
    {file = "pymongo-4.7.3-cp39-cp39-manylinux_2_17_aarch64.manylinux2014_aarch64.whl", hash = "sha256:9aa8735955c70892634d7e61b0ede9b1eefffd3cd09ccabee0ffcf1bdfe62254"},
    {file = "pymongo-4.7.3-cp39-cp39-manylinux_2_17_ppc64le.manylinux2014_ppc64le.whl", hash = "sha256:82a97d8f7f138586d9d0a0cff804a045cdbbfcfc1cd6bba542b151e284fbbec5"},
    {file = "pymongo-4.7.3-cp39-cp39-manylinux_2_17_s390x.manylinux2014_s390x.whl", hash = "sha256:de3b9db558930efab5eaef4db46dcad8bf61ac3ddfd5751b3e5ac6084a25e366"},
    {file = "pymongo-4.7.3-cp39-cp39-manylinux_2_17_x86_64.manylinux2014_x86_64.whl", hash = "sha256:f0e149217ef62812d3c2401cf0e2852b0c57fd155297ecc4dcd67172c4eca402"},
    {file = "pymongo-4.7.3-cp39-cp39-manylinux_2_5_i686.manylinux1_i686.manylinux_2_17_i686.manylinux2014_i686.whl", hash = "sha256:b3a8a1ef4a824f5feb793b3231526d0045eadb5eb01080e38435dfc40a26c3e5"},
    {file = "pymongo-4.7.3-cp39-cp39-manylinux_2_5_i686.manylinux1_i686.whl", hash = "sha256:d14e5e89a4be1f10efc3d9dcb13eb7a3b2334599cb6bb5d06c6a9281b79c8e22"},
    {file = "pymongo-4.7.3-cp39-cp39-manylinux_2_5_x86_64.manylinux1_x86_64.whl", hash = "sha256:c6bfa29f032fd4fd7b129520f8cdb51ab71d88c2ba0567cccd05d325f963acb5"},
    {file = "pymongo-4.7.3-cp39-cp39-win32.whl", hash = "sha256:1421d0bd2ce629405f5157bd1aaa9b83f12d53a207cf68a43334f4e4ee312b66"},
    {file = "pymongo-4.7.3-cp39-cp39-win_amd64.whl", hash = "sha256:f7ee974f8b9370a998919c55b1050889f43815ab588890212023fecbc0402a6d"},
    {file = "pymongo-4.7.3.tar.gz", hash = "sha256:6354a66b228f2cd399be7429685fb68e07f19110a3679782ecb4fdb68da03831"},
]

[package.dependencies]
dnspython = ">=1.16.0,<3.0.0"

[package.extras]
aws = ["pymongo-auth-aws (>=1.1.0,<2.0.0)"]
encryption = ["certifi", "pymongo-auth-aws (>=1.1.0,<2.0.0)", "pymongocrypt (>=1.6.0,<2.0.0)"]
gssapi = ["pykerberos", "winkerberos (>=0.5.0)"]
ocsp = ["certifi", "cryptography (>=2.5)", "pyopenssl (>=17.2.0)", "requests (<3.0.0)", "service-identity (>=18.1.0)"]
snappy = ["python-snappy"]
test = ["pytest (>=7)"]
zstd = ["zstandard"]

[[package]]
name = "pyspark"
version = "3.5.1"
description = "Apache Spark Python API"
optional = false
python-versions = ">=3.8"
files = [
    {file = "pyspark-3.5.1.tar.gz", hash = "sha256:dd6569e547365eadc4f887bf57f153e4d582a68c4b490de475d55b9981664910"},
]

[package.dependencies]
py4j = "0.10.9.7"

[package.extras]
connect = ["googleapis-common-protos (>=1.56.4)", "grpcio (>=1.56.0)", "grpcio-status (>=1.56.0)", "numpy (>=1.15)", "pandas (>=1.0.5)", "pyarrow (>=4.0.0)"]
ml = ["numpy (>=1.15)"]
mllib = ["numpy (>=1.15)"]
pandas-on-spark = ["numpy (>=1.15)", "pandas (>=1.0.5)", "pyarrow (>=4.0.0)"]
sql = ["numpy (>=1.15)", "pandas (>=1.0.5)", "pyarrow (>=4.0.0)"]

[[package]]
name = "pytz"
version = "2024.1"
description = "World timezone definitions, modern and historical"
optional = false
python-versions = "*"
files = [
    {file = "pytz-2024.1-py2.py3-none-any.whl", hash = "sha256:328171f4e3623139da4983451950b28e95ac706e13f3f2630a879749e7a8b319"},
    {file = "pytz-2024.1.tar.gz", hash = "sha256:2a29735ea9c18baf14b448846bde5a48030ed267578472d8955cd0e7443a9812"},
]

[[package]]
name = "setuptools"
version = "70.1.0"
description = "Easily download, build, install, upgrade, and uninstall Python packages"
optional = false
python-versions = ">=3.8"
files = [
    {file = "setuptools-70.1.0-py3-none-any.whl", hash = "sha256:d9b8b771455a97c8a9f3ab3448ebe0b29b5e105f1228bba41028be116985a267"},
    {file = "setuptools-70.1.0.tar.gz", hash = "sha256:01a1e793faa5bd89abc851fa15d0a0db26f160890c7102cd8dce643e886b47f5"},
]

[package.extras]
docs = ["furo", "jaraco.packaging (>=9.3)", "jaraco.tidelift (>=1.4)", "pygments-github-lexers (==0.0.5)", "pyproject-hooks (!=1.1)", "rst.linker (>=1.9)", "sphinx (>=3.5)", "sphinx-favicon", "sphinx-inline-tabs", "sphinx-lint", "sphinx-notfound-page (>=1,<2)", "sphinx-reredirects", "sphinxcontrib-towncrier"]
testing = ["build[virtualenv] (>=1.0.3)", "filelock (>=3.4.0)", "importlib-metadata", "ini2toml[lite] (>=0.14)", "jaraco.develop (>=7.21)", "jaraco.envs (>=2.2)", "jaraco.path (>=3.2.0)", "jaraco.test", "mypy (==1.10.0)", "packaging (>=23.2)", "pip (>=19.1)", "pyproject-hooks (!=1.1)", "pytest (>=6,!=8.1.1)", "pytest-checkdocs (>=2.4)", "pytest-cov", "pytest-enabler (>=2.2)", "pytest-home (>=0.5)", "pytest-mypy", "pytest-perf", "pytest-ruff (>=0.3.2)", "pytest-subprocess", "pytest-timeout", "pytest-xdist (>=3)", "tomli", "tomli-w (>=1.0.0)", "virtualenv (>=13.0.0)", "wheel"]

[[package]]
name = "zope-interface"
version = "6.4.post2"
description = "Interfaces for Python"
optional = false
python-versions = ">=3.7"
files = [
    {file = "zope.interface-6.4.post2-cp310-cp310-macosx_10_9_x86_64.whl", hash = "sha256:2eccd5bef45883802848f821d940367c1d0ad588de71e5cabe3813175444202c"},
    {file = "zope.interface-6.4.post2-cp310-cp310-macosx_11_0_arm64.whl", hash = "sha256:762e616199f6319bb98e7f4f27d254c84c5fb1c25c908c2a9d0f92b92fb27530"},
    {file = "zope.interface-6.4.post2-cp310-cp310-manylinux_2_17_aarch64.manylinux2014_aarch64.whl", hash = "sha256:5ef8356f16b1a83609f7a992a6e33d792bb5eff2370712c9eaae0d02e1924341"},
    {file = "zope.interface-6.4.post2-cp310-cp310-manylinux_2_5_i686.manylinux1_i686.manylinux_2_17_i686.manylinux2014_i686.whl", hash = "sha256:0e4fa5d34d7973e6b0efa46fe4405090f3b406f64b6290facbb19dcbf642ad6b"},
    {file = "zope.interface-6.4.post2-cp310-cp310-manylinux_2_5_x86_64.manylinux1_x86_64.manylinux_2_17_x86_64.manylinux2014_x86_64.whl", hash = "sha256:d22fce0b0f5715cdac082e35a9e735a1752dc8585f005d045abb1a7c20e197f9"},
    {file = "zope.interface-6.4.post2-cp310-cp310-win_amd64.whl", hash = "sha256:97e615eab34bd8477c3f34197a17ce08c648d38467489359cb9eb7394f1083f7"},
    {file = "zope.interface-6.4.post2-cp311-cp311-macosx_10_9_x86_64.whl", hash = "sha256:599f3b07bde2627e163ce484d5497a54a0a8437779362395c6b25e68c6590ede"},
    {file = "zope.interface-6.4.post2-cp311-cp311-macosx_11_0_arm64.whl", hash = "sha256:136cacdde1a2c5e5bc3d0b2a1beed733f97e2dad8c2ad3c2e17116f6590a3827"},
    {file = "zope.interface-6.4.post2-cp311-cp311-manylinux_2_17_aarch64.manylinux2014_aarch64.whl", hash = "sha256:47937cf2e7ed4e0e37f7851c76edeb8543ec9b0eae149b36ecd26176ff1ca874"},
    {file = "zope.interface-6.4.post2-cp311-cp311-manylinux_2_5_i686.manylinux1_i686.manylinux_2_17_i686.manylinux2014_i686.whl", hash = "sha256:6f0a6be264afb094975b5ef55c911379d6989caa87c4e558814ec4f5125cfa2e"},
    {file = "zope.interface-6.4.post2-cp311-cp311-manylinux_2_5_x86_64.manylinux1_x86_64.manylinux_2_17_x86_64.manylinux2014_x86_64.whl", hash = "sha256:47654177e675bafdf4e4738ce58cdc5c6d6ee2157ac0a78a3fa460942b9d64a8"},
    {file = "zope.interface-6.4.post2-cp311-cp311-win_amd64.whl", hash = "sha256:e2fb8e8158306567a3a9a41670c1ff99d0567d7fc96fa93b7abf8b519a46b250"},
    {file = "zope.interface-6.4.post2-cp312-cp312-macosx_10_9_x86_64.whl", hash = "sha256:b912750b13d76af8aac45ddf4679535def304b2a48a07989ec736508d0bbfbde"},
    {file = "zope.interface-6.4.post2-cp312-cp312-macosx_11_0_arm64.whl", hash = "sha256:4ac46298e0143d91e4644a27a769d1388d5d89e82ee0cf37bf2b0b001b9712a4"},
    {file = "zope.interface-6.4.post2-cp312-cp312-manylinux_2_17_aarch64.manylinux2014_aarch64.whl", hash = "sha256:86a94af4a88110ed4bb8961f5ac72edf782958e665d5bfceaab6bf388420a78b"},
    {file = "zope.interface-6.4.post2-cp312-cp312-manylinux_2_5_i686.manylinux1_i686.manylinux_2_17_i686.manylinux2014_i686.whl", hash = "sha256:73f9752cf3596771c7726f7eea5b9e634ad47c6d863043589a1c3bb31325c7eb"},
    {file = "zope.interface-6.4.post2-cp312-cp312-manylinux_2_5_x86_64.manylinux1_x86_64.manylinux_2_17_x86_64.manylinux2014_x86_64.whl", hash = "sha256:00b5c3e9744dcdc9e84c24ed6646d5cf0cf66551347b310b3ffd70f056535854"},
    {file = "zope.interface-6.4.post2-cp312-cp312-win_amd64.whl", hash = "sha256:551db2fe892fcbefb38f6f81ffa62de11090c8119fd4e66a60f3adff70751ec7"},
    {file = "zope.interface-6.4.post2-cp313-cp313-manylinux_2_17_aarch64.manylinux2014_aarch64.whl", hash = "sha256:e96ac6b3169940a8cd57b4f2b8edcad8f5213b60efcd197d59fbe52f0accd66e"},
    {file = "zope.interface-6.4.post2-cp313-cp313-manylinux_2_5_i686.manylinux1_i686.manylinux_2_17_i686.manylinux2014_i686.whl", hash = "sha256:cebff2fe5dc82cb22122e4e1225e00a4a506b1a16fafa911142ee124febf2c9e"},
    {file = "zope.interface-6.4.post2-cp313-cp313-manylinux_2_5_x86_64.manylinux1_x86_64.manylinux_2_17_x86_64.manylinux2014_x86_64.whl", hash = "sha256:33ee982237cffaf946db365c3a6ebaa37855d8e3ca5800f6f48890209c1cfefc"},
    {file = "zope.interface-6.4.post2-cp37-cp37m-macosx_11_0_x86_64.whl", hash = "sha256:fbf649bc77510ef2521cf797700b96167bb77838c40780da7ea3edd8b78044d1"},
    {file = "zope.interface-6.4.post2-cp37-cp37m-win_amd64.whl", hash = "sha256:4c0b208a5d6c81434bdfa0f06d9b667e5de15af84d8cae5723c3a33ba6611b82"},
    {file = "zope.interface-6.4.post2-cp38-cp38-macosx_10_9_x86_64.whl", hash = "sha256:d3fe667935e9562407c2511570dca14604a654988a13d8725667e95161d92e9b"},
    {file = "zope.interface-6.4.post2-cp38-cp38-macosx_11_0_arm64.whl", hash = "sha256:a96e6d4074db29b152222c34d7eec2e2db2f92638d2b2b2c704f9e8db3ae0edc"},
    {file = "zope.interface-6.4.post2-cp38-cp38-manylinux_2_17_aarch64.manylinux2014_aarch64.whl", hash = "sha256:866a0f583be79f0def667a5d2c60b7b4cc68f0c0a470f227e1122691b443c934"},
    {file = "zope.interface-6.4.post2-cp38-cp38-manylinux_2_5_i686.manylinux1_i686.manylinux_2_17_i686.manylinux2014_i686.whl", hash = "sha256:5fe919027f29b12f7a2562ba0daf3e045cb388f844e022552a5674fcdf5d21f1"},
    {file = "zope.interface-6.4.post2-cp38-cp38-manylinux_2_5_x86_64.manylinux1_x86_64.manylinux_2_17_x86_64.manylinux2014_x86_64.whl", hash = "sha256:8e0343a6e06d94f6b6ac52fbc75269b41dd3c57066541a6c76517f69fe67cb43"},
    {file = "zope.interface-6.4.post2-cp38-cp38-win_amd64.whl", hash = "sha256:dabb70a6e3d9c22df50e08dc55b14ca2a99da95a2d941954255ac76fd6982bc5"},
    {file = "zope.interface-6.4.post2-cp39-cp39-macosx_10_9_x86_64.whl", hash = "sha256:706efc19f9679a1b425d6fa2b4bc770d976d0984335eaea0869bd32f627591d2"},
    {file = "zope.interface-6.4.post2-cp39-cp39-macosx_11_0_arm64.whl", hash = "sha256:3d136e5b8821073e1a09dde3eb076ea9988e7010c54ffe4d39701adf0c303438"},
    {file = "zope.interface-6.4.post2-cp39-cp39-manylinux_2_17_aarch64.manylinux2014_aarch64.whl", hash = "sha256:1730c93a38b5a18d24549bc81613223962a19d457cfda9bdc66e542f475a36f4"},
    {file = "zope.interface-6.4.post2-cp39-cp39-manylinux_2_5_i686.manylinux1_i686.manylinux_2_17_i686.manylinux2014_i686.whl", hash = "sha256:bc2676312cc3468a25aac001ec727168994ea3b69b48914944a44c6a0b251e79"},
    {file = "zope.interface-6.4.post2-cp39-cp39-manylinux_2_5_x86_64.manylinux1_x86_64.manylinux_2_17_x86_64.manylinux2014_x86_64.whl", hash = "sha256:1a62fd6cd518693568e23e02f41816adedfca637f26716837681c90b36af3671"},
    {file = "zope.interface-6.4.post2-cp39-cp39-win_amd64.whl", hash = "sha256:d3f7e001328bd6466b3414215f66dde3c7c13d8025a9c160a75d7b2687090d15"},
    {file = "zope.interface-6.4.post2.tar.gz", hash = "sha256:1c207e6f6dfd5749a26f5a5fd966602d6b824ec00d2df84a7e9a924e8933654e"},
]

[package.dependencies]
setuptools = "*"

[package.extras]
docs = ["Sphinx", "repoze.sphinx.autointerface", "sphinx-rtd-theme"]
test = ["coverage (>=5.0.3)", "zope.event", "zope.testing"]
testing = ["coverage (>=5.0.3)", "zope.event", "zope.testing"]

[metadata]
lock-version = "2.0"
python-versions = "^3.11"
content-hash = "1b9a49d88477ffbbf44fbb765565cec579249ddbc328a17f081e8a6fbdaad782"
